
Microsoft Visual Studio Solution File, Format Version 12.00
# Visual Studio Version 16
VisualStudioVersion = 16.0.31019.35
MinimumVisualStudioVersion = 10.0.40219.1
Project("{9A19103F-16F7-4668-BE54-9A1E7A4F7556}") = "pz_5", "pz_5\pz_5.csproj", "{BCD99076-E40E-416F-8F23-25A5840D8C76}"
EndProject
Project("{9A19103F-16F7-4668-BE54-9A1E7A4F7556}") = "pz_6", "pz_6\pz_6.csproj", "{85B23345-03FC-4D74-8438-FB9730C125EE}"
EndProject
Project("{9A19103F-16F7-4668-BE54-9A1E7A4F7556}") = "pz_8", "pz_8\pz_8.csproj", "{367AE757-4113-43B1-8682-936CEFB84CCA}"
EndProject
Project("{9A19103F-16F7-4668-BE54-9A1E7A4F7556}") = "pz_9", "pz_9\pz_9.csproj", "{C6A57743-3367-426C-9BCE-96F5DEED12F4}"
EndProject
Project("{9A19103F-16F7-4668-BE54-9A1E7A4F7556}") = "pz_10", "pz_10\pz_10.csproj", "{B53B0F4E-9AB0-4F68-83E6-542566AF89E1}"
EndProject
Project("{9A19103F-16F7-4668-BE54-9A1E7A4F7556}") = "pz_12", "pz_12\pz_12.csproj", "{F75AB48C-84C7-4907-B11E-9826B4797B58}"
EndProject
Project("{FAE04EC0-301F-11D3-BF4B-00C04F79EFBC}") = "pz_14", "pz_14\pz_14.csproj", "{6B3ECDE5-F678-4E0D-AC68-3E926223EDF2}"
EndProject
Global
	GlobalSection(SolutionConfigurationPlatforms) = preSolution
		Debug|Any CPU = Debug|Any CPU
		Release|Any CPU = Release|Any CPU
	EndGlobalSection
	GlobalSection(ProjectConfigurationPlatforms) = postSolution
		{BCD99076-E40E-416F-8F23-25A5840D8C76}.Debug|Any CPU.ActiveCfg = Debug|Any CPU
		{BCD99076-E40E-416F-8F23-25A5840D8C76}.Debug|Any CPU.Build.0 = Debug|Any CPU
		{BCD99076-E40E-416F-8F23-25A5840D8C76}.Release|Any CPU.ActiveCfg = Release|Any CPU
		{BCD99076-E40E-416F-8F23-25A5840D8C76}.Release|Any CPU.Build.0 = Release|Any CPU
		{85B23345-03FC-4D74-8438-FB9730C125EE}.Debug|Any CPU.ActiveCfg = Debug|Any CPU
		{85B23345-03FC-4D74-8438-FB9730C125EE}.Debug|Any CPU.Build.0 = Debug|Any CPU
		{85B23345-03FC-4D74-8438-FB9730C125EE}.Release|Any CPU.ActiveCfg = Release|Any CPU
		{85B23345-03FC-4D74-8438-FB9730C125EE}.Release|Any CPU.Build.0 = Release|Any CPU
		{367AE757-4113-43B1-8682-936CEFB84CCA}.Debug|Any CPU.ActiveCfg = Debug|Any CPU
		{367AE757-4113-43B1-8682-936CEFB84CCA}.Debug|Any CPU.Build.0 = Debug|Any CPU
		{367AE757-4113-43B1-8682-936CEFB84CCA}.Release|Any CPU.ActiveCfg = Release|Any CPU
		{367AE757-4113-43B1-8682-936CEFB84CCA}.Release|Any CPU.Build.0 = Release|Any CPU
		{C6A57743-3367-426C-9BCE-96F5DEED12F4}.Debug|Any CPU.ActiveCfg = Debug|Any CPU
		{C6A57743-3367-426C-9BCE-96F5DEED12F4}.Debug|Any CPU.Build.0 = Debug|Any CPU
		{C6A57743-3367-426C-9BCE-96F5DEED12F4}.Release|Any CPU.ActiveCfg = Release|Any CPU
		{C6A57743-3367-426C-9BCE-96F5DEED12F4}.Release|Any CPU.Build.0 = Release|Any CPU
		{B53B0F4E-9AB0-4F68-83E6-542566AF89E1}.Debug|Any CPU.ActiveCfg = Debug|Any CPU
		{B53B0F4E-9AB0-4F68-83E6-542566AF89E1}.Debug|Any CPU.Build.0 = Debug|Any CPU
		{B53B0F4E-9AB0-4F68-83E6-542566AF89E1}.Release|Any CPU.ActiveCfg = Release|Any CPU
		{B53B0F4E-9AB0-4F68-83E6-542566AF89E1}.Release|Any CPU.Build.0 = Release|Any CPU
		{F75AB48C-84C7-4907-B11E-9826B4797B58}.Debug|Any CPU.ActiveCfg = Debug|Any CPU
		{F75AB48C-84C7-4907-B11E-9826B4797B58}.Debug|Any CPU.Build.0 = Debug|Any CPU
		{F75AB48C-84C7-4907-B11E-9826B4797B58}.Release|Any CPU.ActiveCfg = Release|Any CPU
		{F75AB48C-84C7-4907-B11E-9826B4797B58}.Release|Any CPU.Build.0 = Release|Any CPU
		{6B3ECDE5-F678-4E0D-AC68-3E926223EDF2}.Debug|Any CPU.ActiveCfg = Debug|Any CPU
		{6B3ECDE5-F678-4E0D-AC68-3E926223EDF2}.Debug|Any CPU.Build.0 = Debug|Any CPU
		{6B3ECDE5-F678-4E0D-AC68-3E926223EDF2}.Release|Any CPU.ActiveCfg = Release|Any CPU
		{6B3ECDE5-F678-4E0D-AC68-3E926223EDF2}.Release|Any CPU.Build.0 = Release|Any CPU
	EndGlobalSection
	GlobalSection(SolutionProperties) = preSolution
		HideSolutionNode = FALSE
	EndGlobalSection
	GlobalSection(ExtensibilityGlobals) = postSolution
		SolutionGuid = {AC3FCA25-F59E-47E9-943A-A97E9B56817D}
	EndGlobalSection
EndGlobal
